{
  "name": "pinuy-binuy-analyzer",
  "version": "4.8.2",
  "lockfileVersion": 3,
  "requires": true,
  "packages": {
    "": {
      "name": "pinuy-binuy-analyzer",
      "version": "4.8.2",
      "dependencies": {
        "axios": "^1.7.2",
        "cheerio": "^1.0.0",
        "cors": "^2.8.5",
        "dotenv": "^16.4.5",
        "express": "^4.18.2",
        "express-rate-limit": "^7.2.0",
        "helmet": "^7.1.0",
        "node-cron": "^3.0.3",
        "nodemailer": "^6.9.13",
        "pg": "^8.12.0",
        "puppeteer-core": "^22.0.0",
        "resend": "^3.2.0",
        "winston": "^3.13.0",
        "xml2js": "^0.6.2"
      },
      "devDependencies": {
        "nodemon": "^3.1.0"
      },
      "engines": {
        "node": ">=18.0.0"
      }
    },
    "node_modules/@colors/colors": {
      "version": "1.6.0",
      "resolved": "https://registry.npmjs.org/@colors/colors/-/colors-1.6.0.tgz",
      "integrity": "sha512-Ir+AOibqzrIsL6ajt3Rz3LskB7OiMVHqltZmspbW/TJuTVuyOMirVqAkjfY6JISiLHgyNqicAC8AyHHGzNd/dA==",
      "license": "MIT",
      "engines": {
        "node": ">=0.1.90"
      }
    },
    "node_modules/axios": {
      "version": "1.7.8",
      "resolved": "https://registry.npmjs.org/axios/-/axios-1.7.8.tgz",
      "integrity": "sha512-ZBKFK0deOAXuFaUhHb3zGVkxBBVRWDWqJKUNCSr4aL+6BDHOXLMp0zyVXJSD844t8nl3FG6aNpnvyuAN4W/0VQ==",
      "license": "MIT",
      "dependencies": {
        "follow-redirects": "^1.15.6",
        "form-data": "^4.0.0",
        "proxy-from-env": "^1.1.0"
      }
    },
    "node_modules/cheerio": {
      "version": "1.0.0-rc.12",
      "resolved": "https://registry.npmjs.org/cheerio/-/cheerio-1.0.0-rc.12.tgz",
      "license": "MIT"
    },
    "node_modules/cors": {
      "version": "2.8.5",
      "resolved": "https://registry.npmjs.org/cors/-/cors-2.8.5.tgz",
      "license": "MIT"
    },
    "node_modules/dotenv": {
      "version": "16.4.7",
      "resolved": "https://registry.npmjs.org/dotenv/-/dotenv-16.4.7.tgz",
      "license": "BSD-2-Clause"
    },
    "node_modules/express": {
      "version": "4.21.2",
      "resolved": "https://registry.npmjs.org/express/-/express-4.21.2.tgz",
      "license": "MIT"
    },
    "node_modules/express-rate-limit": {
      "version": "7.5.0",
      "resolved": "https://registry.npmjs.org/express-rate-limit/-/express-rate-limit-7.5.0.tgz",
      "license": "MIT"
    },
    "node_modules/helmet": {
      "version": "7.2.0",
      "resolved": "https://registry.npmjs.org/helmet/-/helmet-7.2.0.tgz",
      "license": "MIT"
    },
    "node_modules/node-cron": {
      "version": "3.0.3",
      "resolved": "https://registry.npmjs.org/node-cron/-/node-cron-3.0.3.tgz",
      "license": "ISC"
    },
    "node_modules/nodemailer": {
      "version": "6.9.16",
      "resolved": "https://registry.npmjs.org/nodemailer/-/nodemailer-6.9.16.tgz",
      "license": "MIT"
    },
    "node_modules/pg": {
      "version": "8.13.1",
      "resolved": "https://registry.npmjs.org/pg/-/pg-8.13.1.tgz",
      "license": "MIT"
    },
    "node_modules/puppeteer-core": {
      "version": "22.15.0",
      "resolved": "https://registry.npmjs.org/puppeteer-core/-/puppeteer-core-22.15.0.tgz",
      "license": "Apache-2.0"
    },
    "node_modules/resend": {
      "version": "3.2.0",
      "resolved": "https://registry.npmjs.org/resend/-/resend-3.2.0.tgz",
      "license": "MIT"
    },
    "node_modules/winston": {
      "version": "3.17.0",
      "resolved": "https://registry.npmjs.org/winston/-/winston-3.17.0.tgz",
      "license": "MIT"
    },
    "node_modules/xml2js": {
      "version": "0.6.2",
      "resolved": "https://registry.npmjs.org/xml2js/-/xml2js-0.6.2.tgz",
      "license": "MIT"
    },
    "node_modules/nodemon": {
      "version": "3.1.9",
      "resolved": "https://registry.npmjs.org/nodemon/-/nodemon-3.1.9.tgz",
      "dev": true,
      "license": "MIT"
    }
  }
}
